
Microsoft Visual Studio Solution File, Format Version 12.00
# Visual Studio 2013
VisualStudioVersion = 12.0.31101.0
MinimumVisualStudioVersion = 10.0.40219.1
Project("{FAE04EC0-301F-11D3-BF4B-00C04F79EFBC}") = "Martingale_Forex", "Martingale_Forex\Martingale_Forex.csproj", "{A85418F4-AC57-4E5E-804A-6610F778042A}"
EndProject
Project("{2150E333-8FDC-42A3-9474-1A3956D46DE8}") = "Solution Items", "Solution Items", "{C48D7DC6-1536-4591-A2AF-D730653D8860}"
	ProjectSection(SolutionItems) = preProject
		README.md = README.md
	EndProjectSection
EndProject
Project("{2150E333-8FDC-42A3-9474-1A3956D46DE8}") = "Backtests and optimisations", "Backtests and optimisations", "{C6CC3FA2-017D-4C95-A65E-4702BC76CDC3}"
	ProjectSection(SolutionItems) = preProject
		Backtests and optimisations\Gains et pertes entre le 22 et le 23 juin.JPG = Backtests and optimisations\Gains et pertes entre le 22 et le 23 juin.JPG
		Martingale_Forex-v1.3.1.2-EURUSD-5m-MM3-TP10-SL5-M0,3-MO6.JPG = Martingale_Forex-v1.3.1.2-EURUSD-5m-MM3-TP10-SL5-M0,3-MO6.JPG
		Backtests and optimisations\Martingale_Forex_1320, EURUSD m4-NetProfit 11 180 525-20150518-20150619.cbotset = Backtests and optimisations\Martingale_Forex_1320, EURUSD m4-NetProfit 11 180 525-20150518-20150619.cbotset
		Backtests and optimisations\Martingale_Forex_1320, EURUSD m4-NetProfit 11 180 525-20150518-20150619.JPG = Backtests and optimisations\Martingale_Forex_1320, EURUSD m4-NetProfit 11 180 525-20150518-20150619.JPG
		Backtests and optimisations\Martingale_Forex_1320, EURUSD m4-NetProfit 2 323 041 405-20150518-20150619.cbotset = Backtests and optimisations\Martingale_Forex_1320, EURUSD m4-NetProfit 2 323 041 405-20150518-20150619.cbotset
		Backtests and optimisations\Martingale_Forex_1320, EURUSD m4-NetProfit 2 323 041 405-20150518-20150619.JPG = Backtests and optimisations\Martingale_Forex_1320, EURUSD m4-NetProfit 2 323 041 405-20150518-20150619.JPG
		Backtests and optimisations\Martingale_Forex_1330, EURUSD m4-NetProfit  6 082 155 570-20150518-20150619 .JPG = Backtests and optimisations\Martingale_Forex_1330, EURUSD m4-NetProfit  6 082 155 570-20150518-20150619 .JPG
		Backtests and optimisations\Martingale_Forex_1330, EURUSD m4-NetProfit 6 082 155 570-20150518-20150619.cbotset = Backtests and optimisations\Martingale_Forex_1330, EURUSD m4-NetProfit 6 082 155 570-20150518-20150619.cbotset
		Backtests and optimisations\Martingale_Forex_1330, GBPUSD m5-NetProfit 21 256-20150518-20150619.cbotset = Backtests and optimisations\Martingale_Forex_1330, GBPUSD m5-NetProfit 21 256-20150518-20150619.cbotset
		Backtests and optimisations\Martingale_Forex_1330, GBPUSD m5-NetProfit 21 256-20150518-20150619.JPG = Backtests and optimisations\Martingale_Forex_1330, GBPUSD m5-NetProfit 21 256-20150518-20150619.JPG
		Backtests and optimisations\Martingale_Forex_1330, GBPUSD m5-NetProfit 312 550-20150518-20150619.cbotset = Backtests and optimisations\Martingale_Forex_1330, GBPUSD m5-NetProfit 312 550-20150518-20150619.cbotset
		Backtests and optimisations\Martingale_Forex_1330, GBPUSD m5-NetProfit 312 550-20150518-20150619.JPG = Backtests and optimisations\Martingale_Forex_1330, GBPUSD m5-NetProfit 312 550-20150518-20150619.JPG
		Backtests and optimisations\Martingale_Forex_1330, USDJPY m4-NetProfit 1 073 193 442-20150518-20150619.cbotset = Backtests and optimisations\Martingale_Forex_1330, USDJPY m4-NetProfit 1 073 193 442-20150518-20150619.cbotset
		Backtests and optimisations\Martingale_Forex_1330, USDJPY m4-NetProfit 1 073 193 442-20150518-20150619.JPG = Backtests and optimisations\Martingale_Forex_1330, USDJPY m4-NetProfit 1 073 193 442-20150518-20150619.JPG
		Backtests and optimisations\Martingale_Forex_1331, EURUSD m3.cbotset = Backtests and optimisations\Martingale_Forex_1331, EURUSD m3.cbotset
		Backtests and optimisations\Martingale_Forex_1331, EURUSD m3.JPG = Backtests and optimisations\Martingale_Forex_1331, EURUSD m3.JPG
		Backtests and optimisations\Martingale_Forex_1440, EURUSD m3.cbotset = Backtests and optimisations\Martingale_Forex_1440, EURUSD m3.cbotset
		Backtests and optimisations\Martingale_Forex_1450, EURUSD m4.cbotset = Backtests and optimisations\Martingale_Forex_1450, EURUSD m4.cbotset
		Backtests and optimisations\Martingale_Forex_1450, EURUSD m4.JPG = Backtests and optimisations\Martingale_Forex_1450, EURUSD m4.JPG
	EndProjectSection
EndProject
Project("{FAE04EC0-301F-11D3-BF4B-00C04F79EFBC}") = "cAlgo.Lib", "..\..\..\..\..\Source\Repos\cAlgoBot\Sources\Library\cAlgoLib\cAlgo.Lib.csproj", "{D3E50B06-5578-42A2-ADDD-42F25D5A1F4C}"
EndProject
Project("{FAE04EC0-301F-11D3-BF4B-00C04F79EFBC}") = "ArgunesStrategy", "..\..\..\..\..\Source\Repos\cAlgoBot\Sources\Strategies\ArgunesStrategy\ArgunesStrategy.csproj", "{1C394650-DA14-4A31-9721-13F225797377}"
EndProject
Project("{FAE04EC0-301F-11D3-BF4B-00C04F79EFBC}") = "DoubleCandleStrategy", "..\..\..\..\..\Source\Repos\cAlgoBot\Sources\Strategies\DoubleCandleStrategy\DoubleCandleStrategy.csproj", "{3A72E9D5-59D4-453F-9DEB-416357BCA25F}"
EndProject
Global
	GlobalSection(SolutionConfigurationPlatforms) = preSolution
		Debug|Any CPU = Debug|Any CPU
		Release|Any CPU = Release|Any CPU
	EndGlobalSection
	GlobalSection(ProjectConfigurationPlatforms) = postSolution
		{A85418F4-AC57-4E5E-804A-6610F778042A}.Debug|Any CPU.ActiveCfg = Debug|Any CPU
		{A85418F4-AC57-4E5E-804A-6610F778042A}.Debug|Any CPU.Build.0 = Debug|Any CPU
		{A85418F4-AC57-4E5E-804A-6610F778042A}.Release|Any CPU.ActiveCfg = Release|Any CPU
		{A85418F4-AC57-4E5E-804A-6610F778042A}.Release|Any CPU.Build.0 = Release|Any CPU
		{D3E50B06-5578-42A2-ADDD-42F25D5A1F4C}.Debug|Any CPU.ActiveCfg = Debug|Any CPU
		{D3E50B06-5578-42A2-ADDD-42F25D5A1F4C}.Debug|Any CPU.Build.0 = Debug|Any CPU
		{D3E50B06-5578-42A2-ADDD-42F25D5A1F4C}.Release|Any CPU.ActiveCfg = Release|Any CPU
		{D3E50B06-5578-42A2-ADDD-42F25D5A1F4C}.Release|Any CPU.Build.0 = Release|Any CPU
		{1C394650-DA14-4A31-9721-13F225797377}.Debug|Any CPU.ActiveCfg = Debug|Any CPU
		{1C394650-DA14-4A31-9721-13F225797377}.Debug|Any CPU.Build.0 = Debug|Any CPU
		{1C394650-DA14-4A31-9721-13F225797377}.Release|Any CPU.ActiveCfg = Release|Any CPU
		{1C394650-DA14-4A31-9721-13F225797377}.Release|Any CPU.Build.0 = Release|Any CPU
		{3A72E9D5-59D4-453F-9DEB-416357BCA25F}.Debug|Any CPU.ActiveCfg = Debug|Any CPU
		{3A72E9D5-59D4-453F-9DEB-416357BCA25F}.Debug|Any CPU.Build.0 = Debug|Any CPU
		{3A72E9D5-59D4-453F-9DEB-416357BCA25F}.Release|Any CPU.ActiveCfg = Release|Any CPU
		{3A72E9D5-59D4-453F-9DEB-416357BCA25F}.Release|Any CPU.Build.0 = Release|Any CPU
	EndGlobalSection
	GlobalSection(SolutionProperties) = preSolution
		HideSolutionNode = FALSE
	EndGlobalSection
EndGlobal
